
Microsoft Visual Studio Solution File, Format Version 12.00
# Visual Studio Version 17
VisualStudioVersion = 17.5.2.0
MinimumVisualStudioVersion = 10.0.40219.1
Project("{FAE04EC0-301F-11D3-BF4B-00C04F79EFBC}") = "Uncy.Engine", "Uncy.Engine\Uncy.Engine.csproj", "{C3C37FBD-767A-4504-BF85-4A4303BE8512}"
EndProject
Project("{FAE04EC0-301F-11D3-BF4B-00C04F79EFBC}") = "Uncy.Shared", "Uncy.Shared\Uncy.Shared.csproj", "{BD28F5E0-83B1-4804-B83F-0BC5C665BC45}"
EndProject
Project("{FAE04EC0-301F-11D3-BF4B-00C04F79EFBC}") = "Uncy.Web", "Uncy.Web\Uncy.Web.csproj", "{CF977C54-5EBD-4372-9E1A-58E6A2549B62}"
EndProject
Global
	GlobalSection(SolutionConfigurationPlatforms) = preSolution
		Debug|Any CPU = Debug|Any CPU
		Debug|x64 = Debug|x64
		Debug|x86 = Debug|x86
		Release|Any CPU = Release|Any CPU
		Release|x64 = Release|x64
		Release|x86 = Release|x86
	EndGlobalSection
	GlobalSection(ProjectConfigurationPlatforms) = postSolution
		{C3C37FBD-767A-4504-BF85-4A4303BE8512}.Debug|Any CPU.ActiveCfg = Debug|Any CPU
		{C3C37FBD-767A-4504-BF85-4A4303BE8512}.Debug|Any CPU.Build.0 = Debug|Any CPU
		{C3C37FBD-767A-4504-BF85-4A4303BE8512}.Debug|x64.ActiveCfg = Debug|Any CPU
		{C3C37FBD-767A-4504-BF85-4A4303BE8512}.Debug|x64.Build.0 = Debug|Any CPU
		{C3C37FBD-767A-4504-BF85-4A4303BE8512}.Debug|x86.ActiveCfg = Debug|Any CPU
		{C3C37FBD-767A-4504-BF85-4A4303BE8512}.Debug|x86.Build.0 = Debug|Any CPU
		{C3C37FBD-767A-4504-BF85-4A4303BE8512}.Release|Any CPU.ActiveCfg = Release|Any CPU
		{C3C37FBD-767A-4504-BF85-4A4303BE8512}.Release|Any CPU.Build.0 = Release|Any CPU
		{C3C37FBD-767A-4504-BF85-4A4303BE8512}.Release|x64.ActiveCfg = Release|Any CPU
		{C3C37FBD-767A-4504-BF85-4A4303BE8512}.Release|x64.Build.0 = Release|Any CPU
		{C3C37FBD-767A-4504-BF85-4A4303BE8512}.Release|x86.ActiveCfg = Release|Any CPU
		{C3C37FBD-767A-4504-BF85-4A4303BE8512}.Release|x86.Build.0 = Release|Any CPU
		{BD28F5E0-83B1-4804-B83F-0BC5C665BC45}.Debug|Any CPU.ActiveCfg = Debug|Any CPU
		{BD28F5E0-83B1-4804-B83F-0BC5C665BC45}.Debug|Any CPU.Build.0 = Debug|Any CPU
		{BD28F5E0-83B1-4804-B83F-0BC5C665BC45}.Debug|x64.ActiveCfg = Debug|Any CPU
		{BD28F5E0-83B1-4804-B83F-0BC5C665BC45}.Debug|x64.Build.0 = Debug|Any CPU
		{BD28F5E0-83B1-4804-B83F-0BC5C665BC45}.Debug|x86.ActiveCfg = Debug|Any CPU
		{BD28F5E0-83B1-4804-B83F-0BC5C665BC45}.Debug|x86.Build.0 = Debug|Any CPU
		{BD28F5E0-83B1-4804-B83F-0BC5C665BC45}.Release|Any CPU.ActiveCfg = Release|Any CPU
		{BD28F5E0-83B1-4804-B83F-0BC5C665BC45}.Release|Any CPU.Build.0 = Release|Any CPU
		{BD28F5E0-83B1-4804-B83F-0BC5C665BC45}.Release|x64.ActiveCfg = Release|Any CPU
		{BD28F5E0-83B1-4804-B83F-0BC5C665BC45}.Release|x64.Build.0 = Release|Any CPU
		{BD28F5E0-83B1-4804-B83F-0BC5C665BC45}.Release|x86.ActiveCfg = Release|Any CPU
		{BD28F5E0-83B1-4804-B83F-0BC5C665BC45}.Release|x86.Build.0 = Release|Any CPU
		{CF977C54-5EBD-4372-9E1A-58E6A2549B62}.Debug|Any CPU.ActiveCfg = Debug|Any CPU
		{CF977C54-5EBD-4372-9E1A-58E6A2549B62}.Debug|Any CPU.Build.0 = Debug|Any CPU
		{CF977C54-5EBD-4372-9E1A-58E6A2549B62}.Debug|x64.ActiveCfg = Debug|Any CPU
		{CF977C54-5EBD-4372-9E1A-58E6A2549B62}.Debug|x64.Build.0 = Debug|Any CPU
		{CF977C54-5EBD-4372-9E1A-58E6A2549B62}.Debug|x86.ActiveCfg = Debug|Any CPU
		{CF977C54-5EBD-4372-9E1A-58E6A2549B62}.Debug|x86.Build.0 = Debug|Any CPU
		{CF977C54-5EBD-4372-9E1A-58E6A2549B62}.Release|Any CPU.ActiveCfg = Release|Any CPU
		{CF977C54-5EBD-4372-9E1A-58E6A2549B62}.Release|Any CPU.Build.0 = Release|Any CPU
		{CF977C54-5EBD-4372-9E1A-58E6A2549B62}.Release|x64.ActiveCfg = Release|Any CPU
		{CF977C54-5EBD-4372-9E1A-58E6A2549B62}.Release|x64.Build.0 = Release|Any CPU
		{CF977C54-5EBD-4372-9E1A-58E6A2549B62}.Release|x86.ActiveCfg = Release|Any CPU
		{CF977C54-5EBD-4372-9E1A-58E6A2549B62}.Release|x86.Build.0 = Release|Any CPU
	EndGlobalSection
	GlobalSection(SolutionProperties) = preSolution
		HideSolutionNode = FALSE
	EndGlobalSection
	GlobalSection(ExtensibilityGlobals) = postSolution
		SolutionGuid = {FDC47768-2D3C-41EA-81D5-F10432DC751B}
	EndGlobalSection
EndGlobal
